
Microsoft Visual Studio Solution File, Format Version 12.00
# Visual Studio 14
VisualStudioVersion = 14.0.23107.0
MinimumVisualStudioVersion = 10.0.40219.1
Project("{FAE04EC0-301F-11D3-BF4B-00C04F79EFBC}") = "WordpressAutomation", "WordPressAutomation\WordpressAutomation.csproj", "{FA125A13-E8BB-46E1-87F1-FD079254CA42}"
EndProject
Project("{FAE04EC0-301F-11D3-BF4B-00C04F79EFBC}") = "WordPressTests", "WordPressTests\WordPressTests.csproj", "{749CA546-FDB0-4B55-B6EA-4BD78AA4FC0E}"
EndProject
Global
	GlobalSection(SolutionConfigurationPlatforms) = preSolution
		Debug|Any CPU = Debug|Any CPU
		Release|Any CPU = Release|Any CPU
	EndGlobalSection
	GlobalSection(ProjectConfigurationPlatforms) = postSolution
		{FA125A13-E8BB-46E1-87F1-FD079254CA42}.Debug|Any CPU.ActiveCfg = Debug|Any CPU
		{FA125A13-E8BB-46E1-87F1-FD079254CA42}.Debug|Any CPU.Build.0 = Debug|Any CPU
		{FA125A13-E8BB-46E1-87F1-FD079254CA42}.Release|Any CPU.ActiveCfg = Release|Any CPU
		{FA125A13-E8BB-46E1-87F1-FD079254CA42}.Release|Any CPU.Build.0 = Release|Any CPU
		{749CA546-FDB0-4B55-B6EA-4BD78AA4FC0E}.Debug|Any CPU.ActiveCfg = Debug|Any CPU
		{749CA546-FDB0-4B55-B6EA-4BD78AA4FC0E}.Debug|Any CPU.Build.0 = Debug|Any CPU
		{749CA546-FDB0-4B55-B6EA-4BD78AA4FC0E}.Release|Any CPU.ActiveCfg = Release|Any CPU
		{749CA546-FDB0-4B55-B6EA-4BD78AA4FC0E}.Release|Any CPU.Build.0 = Release|Any CPU
	EndGlobalSection
	GlobalSection(SolutionProperties) = preSolution
		HideSolutionNode = FALSE
	EndGlobalSection
EndGlobal
